
Microsoft Visual Studio Solution File, Format Version 12.00
# Visual Studio Version 17
VisualStudioVersion = 17.8.34511.84
MinimumVisualStudioVersion = 10.0.40219.1
Project("{FAE04EC0-301F-11D3-BF4B-00C04F79EFBC}") = "Labyrinth", "Labyrinth\Labyrinth.csproj", "{34917D2D-ED89-41B4-A79F-4EFD18BA614A}"
EndProject
Global
	GlobalSection(SolutionConfigurationPlatforms) = preSolution
		Debug|Any CPU = Debug|Any CPU
		Release|Any CPU = Release|Any CPU
	EndGlobalSection
	GlobalSection(ProjectConfigurationPlatforms) = postSolution
		{34917D2D-ED89-41B4-A79F-4EFD18BA614A}.Debug|Any CPU.ActiveCfg = Debug|Any CPU
		{34917D2D-ED89-41B4-A79F-4EFD18BA614A}.Debug|Any CPU.Build.0 = Debug|Any CPU
		{34917D2D-ED89-41B4-A79F-4EFD18BA614A}.Release|Any CPU.ActiveCfg = Release|Any CPU
		{34917D2D-ED89-41B4-A79F-4EFD18BA614A}.Release|Any CPU.Build.0 = Release|Any CPU
	EndGlobalSection
	GlobalSection(SolutionProperties) = preSolution
		HideSolutionNode = FALSE
	EndGlobalSection
	GlobalSection(ExtensibilityGlobals) = postSolution
		SolutionGuid = {399DA43F-D6D6-4F3D-BEDC-493359A74816}
	EndGlobalSection
EndGlobal
